
Microsoft Visual Studio Solution File, Format Version 12.00
# Visual Studio 15
VisualStudioVersion = 15.0.27705.2000
MinimumVisualStudioVersion = 10.0.40219.1
Project("{9A19103F-16F7-4668-BE54-9A1E7A4F7556}") = "FirstBlazor", "FirstBlazor\FirstBlazor.csproj", "{EEF18D15-F2EF-4FB2-8DCE-DF530F2C66F6}"
EndProject
Global
	GlobalSection(SolutionConfigurationPlatforms) = preSolution
		Debug|Any CPU = Debug|Any CPU
		Release|Any CPU = Release|Any CPU
	EndGlobalSection
	GlobalSection(ProjectConfigurationPlatforms) = postSolution
		{EEF18D15-F2EF-4FB2-8DCE-DF530F2C66F6}.Debug|Any CPU.ActiveCfg = Debug|Any CPU
		{EEF18D15-F2EF-4FB2-8DCE-DF530F2C66F6}.Debug|Any CPU.Build.0 = Debug|Any CPU
		{EEF18D15-F2EF-4FB2-8DCE-DF530F2C66F6}.Release|Any CPU.ActiveCfg = Release|Any CPU
		{EEF18D15-F2EF-4FB2-8DCE-DF530F2C66F6}.Release|Any CPU.Build.0 = Release|Any CPU
	EndGlobalSection
	GlobalSection(SolutionProperties) = preSolution
		HideSolutionNode = FALSE
	EndGlobalSection
	GlobalSection(ExtensibilityGlobals) = postSolution
		SolutionGuid = {A5734A18-6B36-484A-A503-297878C4DFF5}
	EndGlobalSection
EndGlobal
